# This file is automatically @generated by Cargo.
# It is not intended for manual editing.
version = 3

[[package]]
name = "cc"
version = "1.0.72"
source = "registry+https://github.com/rust-lang/crates.io-index"
checksum = "22a9137b95ea06864e018375b72adfb7db6e6f68cfc8df5a04d00288050485ee"

[[package]]
name = "cfg-if"
version = "1.0.0"
source = "registry+https://github.com/rust-lang/crates.io-index"
checksum = "baf1de4339761588bc0619e3cbc0120ee582ebb74b53b4efbf79117bd2da40fd"

[[package]]
name = "log"
version = "0.4.14"
source = "registry+https://github.com/rust-lang/crates.io-index"
checksum = "51b9bbe6c47d51fc3e1a9b945965946b4c44142ab8792c50835a980d362c2710"
dependencies = [
 "cfg-if",
]

[[package]]
name = "proc-macro2"
version = "1.0.36"
source = "registry+https://github.com/rust-lang/crates.io-index"
checksum = "c7342d5883fbccae1cc37a2353b09c87c9b0f3afd73f5fb9bba687a1f733b029"
dependencies = [
 "unicode-xid",
]

[[package]]
name = "qemu-exit"
version = "3.0.0"
source = "registry+https://github.com/rust-lang/crates.io-index"
checksum = "0e0fa04276d522a40ed717bf874183a3b2a8bbb3fb4c646b03a7eb874ce5d543"

[[package]]
name = "quote"
version = "1.0.14"
source = "registry+https://github.com/rust-lang/crates.io-index"
checksum = "47aa80447ce4daf1717500037052af176af5d38cc3e571d9ec1c7353fc10c87d"
dependencies = [
 "proc-macro2",
]

[[package]]
name = "rlibc"
version = "1.0.0"
source = "registry+https://github.com/rust-lang/crates.io-index"
checksum = "fc874b127765f014d792f16763a81245ab80500e2ad921ed4ee9e82481ee08fe"

[[package]]
name = "ruspiro-allocator"
version = "0.4.5"
dependencies = [
 "rlibc",
]

[[package]]
name = "ruspiro-arch-aarch64"
version = "0.1.7"
source = "registry+https://github.com/rust-lang/crates.io-index"
checksum = "60ebe116b71a6c9c1253b2fce62e1337d714ce7dc3a5e78da87fc3e69e4c9407"
dependencies = [
 "ruspiro-register",
]

[[package]]
name = "ruspiro-boot"
version = "0.5.4"
source = "git+https://github.com/RusPiRo/ruspiro-boot.git?branch=development#4a02cb6f783b563cc37fac91a380868eda778171"
dependencies = [
 "cc",
 "log",
 "ruspiro-cache",
 "ruspiro-register",
]

[[package]]
name = "ruspiro-cache"
version = "0.4.1"
source = "registry+https://github.com/rust-lang/crates.io-index"
checksum = "0ebe25a7a5c319cf5a58f368c5bc0dd3a672e4a66d0d86382194a28bc9ad92f1"
dependencies = [
 "cc",
 "ruspiro-arch-aarch64",
]

[[package]]
name = "ruspiro-channel"
version = "0.1.1"
source = "registry+https://github.com/rust-lang/crates.io-index"
checksum = "03089c61a4a2fc311b8a2b83cbba2cae31f83efe85e07bed256ac4564cdbac2b"
dependencies = [
 "ruspiro-arch-aarch64",
]

[[package]]
name = "ruspiro-mmio-register"
version = "0.1.4"
source = "registry+https://github.com/rust-lang/crates.io-index"
checksum = "f994b585def7c41d7241391e23fe0588ef2dfc06573512b7aa6f75024db06c84"
dependencies = [
 "ruspiro-register",
]

[[package]]
name = "ruspiro-mmu"
version = "0.1.1"
source = "registry+https://github.com/rust-lang/crates.io-index"
checksum = "b5ccf761748f8bb59fca6d9130c8f41124f205ee7ed0ebed968a6741bd5b1da9"
dependencies = [
 "ruspiro-arch-aarch64",
]

[[package]]
name = "ruspiro-register"
version = "0.5.5"
source = "registry+https://github.com/rust-lang/crates.io-index"
checksum = "6c398a7ffbb98aa0c91a4118eeb28fed510e58b02014e9020e269808e870fcf6"

[[package]]
name = "ruspiro-test-framework"
version = "0.1.0"
dependencies = [
 "qemu-exit",
 "rlibc",
 "ruspiro-allocator",
 "ruspiro-arch-aarch64",
 "ruspiro-boot",
 "ruspiro-channel",
 "ruspiro-mmio-register",
 "ruspiro-mmu",
 "ruspiro-test-macros",
]

[[package]]
name = "ruspiro-test-macros"
version = "0.1.0"
dependencies = [
 "proc-macro2",
 "quote",
 "syn",
]

[[package]]
name = "syn"
version = "1.0.84"
source = "registry+https://github.com/rust-lang/crates.io-index"
checksum = "ecb2e6da8ee5eb9a61068762a32fa9619cc591ceb055b3687f4cd4051ec2e06b"
dependencies = [
 "proc-macro2",
 "quote",
 "unicode-xid",
]

[[package]]
name = "unicode-xid"
version = "0.2.2"
source = "registry+https://github.com/rust-lang/crates.io-index"
checksum = "8ccb82d61f80a663efe1f787a51b16b5a51e3314d6ac365b08639f52387b33f3"
